
Microsoft Visual Studio Solution File, Format Version 12.00
# Visual Studio Version 17
VisualStudioVersion = 17.6.33927.249
MinimumVisualStudioVersion = 10.0.40219.1
Project("{8BC9CEB8-8B4A-11D0-8D11-00A0C91BC942}") = "algorithmTest", "algorithmTest\algorithmTest.vcxproj", "{A2FF0C8A-D517-4002-8623-8DC39946F93E}"
	ProjectSection(ProjectDependencies) = postProject
		{BBC31BDC-E446-4B81-BDE0-F08F417E1B97} = {BBC31BDC-E446-4B81-BDE0-F08F417E1B97}
	EndProjectSection
EndProject
Project("{8BC9CEB8-8B4A-11D0-8D11-00A0C91BC942}") = "kalgorithm", "..\kalgorithm\kalgorithm.vcxproj", "{BBC31BDC-E446-4B81-BDE0-F08F417E1B97}"
EndProject
Project("{8BC9CEB8-8B4A-11D0-8D11-00A0C91BC942}") = "examples", "..\examples\examples.vcxproj", "{415B794E-3BC8-42C2-AE5F-97F8148D15A8}"
	ProjectSection(ProjectDependencies) = postProject
		{BBC31BDC-E446-4B81-BDE0-F08F417E1B97} = {BBC31BDC-E446-4B81-BDE0-F08F417E1B97}
	EndProjectSection
EndProject
Project("{FAE04EC0-301F-11D3-BF4B-00C04F79EFBC}") = "jungol", "jungol\jungol.csproj", "{0C117D7A-B9F3-44DC-A475-5A10C4A47824}"
EndProject
Global
	GlobalSection(SolutionConfigurationPlatforms) = preSolution
		Debug|Any CPU = Debug|Any CPU
		Debug|x64 = Debug|x64
		Debug|x86 = Debug|x86
		Release|Any CPU = Release|Any CPU
		Release|x64 = Release|x64
		Release|x86 = Release|x86
	EndGlobalSection
	GlobalSection(ProjectConfigurationPlatforms) = postSolution
		{A2FF0C8A-D517-4002-8623-8DC39946F93E}.Debug|Any CPU.ActiveCfg = Debug|Win32
		{A2FF0C8A-D517-4002-8623-8DC39946F93E}.Debug|x64.ActiveCfg = Debug|x64
		{A2FF0C8A-D517-4002-8623-8DC39946F93E}.Debug|x64.Build.0 = Debug|x64
		{A2FF0C8A-D517-4002-8623-8DC39946F93E}.Debug|x86.ActiveCfg = Debug|Win32
		{A2FF0C8A-D517-4002-8623-8DC39946F93E}.Debug|x86.Build.0 = Debug|Win32
		{A2FF0C8A-D517-4002-8623-8DC39946F93E}.Release|Any CPU.ActiveCfg = Release|Win32
		{A2FF0C8A-D517-4002-8623-8DC39946F93E}.Release|x64.ActiveCfg = Release|x64
		{A2FF0C8A-D517-4002-8623-8DC39946F93E}.Release|x64.Build.0 = Release|x64
		{A2FF0C8A-D517-4002-8623-8DC39946F93E}.Release|x86.ActiveCfg = Release|Win32
		{A2FF0C8A-D517-4002-8623-8DC39946F93E}.Release|x86.Build.0 = Release|Win32
		{BBC31BDC-E446-4B81-BDE0-F08F417E1B97}.Debug|Any CPU.ActiveCfg = Debug|Win32
		{BBC31BDC-E446-4B81-BDE0-F08F417E1B97}.Debug|x64.ActiveCfg = Debug|x64
		{BBC31BDC-E446-4B81-BDE0-F08F417E1B97}.Debug|x64.Build.0 = Debug|x64
		{BBC31BDC-E446-4B81-BDE0-F08F417E1B97}.Debug|x86.ActiveCfg = Debug|Win32
		{BBC31BDC-E446-4B81-BDE0-F08F417E1B97}.Debug|x86.Build.0 = Debug|Win32
		{BBC31BDC-E446-4B81-BDE0-F08F417E1B97}.Release|Any CPU.ActiveCfg = Release|Win32
		{BBC31BDC-E446-4B81-BDE0-F08F417E1B97}.Release|x64.ActiveCfg = Release|x64
		{BBC31BDC-E446-4B81-BDE0-F08F417E1B97}.Release|x64.Build.0 = Release|x64
		{BBC31BDC-E446-4B81-BDE0-F08F417E1B97}.Release|x86.ActiveCfg = Release|Win32
		{BBC31BDC-E446-4B81-BDE0-F08F417E1B97}.Release|x86.Build.0 = Release|Win32
		{415B794E-3BC8-42C2-AE5F-97F8148D15A8}.Debug|Any CPU.ActiveCfg = Debug|Win32
		{415B794E-3BC8-42C2-AE5F-97F8148D15A8}.Debug|x64.ActiveCfg = Debug|x64
		{415B794E-3BC8-42C2-AE5F-97F8148D15A8}.Debug|x64.Build.0 = Debug|x64
		{415B794E-3BC8-42C2-AE5F-97F8148D15A8}.Debug|x86.ActiveCfg = Debug|Win32
		{415B794E-3BC8-42C2-AE5F-97F8148D15A8}.Debug|x86.Build.0 = Debug|Win32
		{415B794E-3BC8-42C2-AE5F-97F8148D15A8}.Release|Any CPU.ActiveCfg = Release|Win32
		{415B794E-3BC8-42C2-AE5F-97F8148D15A8}.Release|x64.ActiveCfg = Release|x64
		{415B794E-3BC8-42C2-AE5F-97F8148D15A8}.Release|x64.Build.0 = Release|x64
		{415B794E-3BC8-42C2-AE5F-97F8148D15A8}.Release|x86.ActiveCfg = Release|Win32
		{415B794E-3BC8-42C2-AE5F-97F8148D15A8}.Release|x86.Build.0 = Release|Win32
		{0C117D7A-B9F3-44DC-A475-5A10C4A47824}.Debug|Any CPU.ActiveCfg = Debug|Any CPU
		{0C117D7A-B9F3-44DC-A475-5A10C4A47824}.Debug|Any CPU.Build.0 = Debug|Any CPU
		{0C117D7A-B9F3-44DC-A475-5A10C4A47824}.Debug|x64.ActiveCfg = Debug|Any CPU
		{0C117D7A-B9F3-44DC-A475-5A10C4A47824}.Debug|x64.Build.0 = Debug|Any CPU
		{0C117D7A-B9F3-44DC-A475-5A10C4A47824}.Debug|x86.ActiveCfg = Debug|Any CPU
		{0C117D7A-B9F3-44DC-A475-5A10C4A47824}.Debug|x86.Build.0 = Debug|Any CPU
		{0C117D7A-B9F3-44DC-A475-5A10C4A47824}.Release|Any CPU.ActiveCfg = Release|Any CPU
		{0C117D7A-B9F3-44DC-A475-5A10C4A47824}.Release|Any CPU.Build.0 = Release|Any CPU
		{0C117D7A-B9F3-44DC-A475-5A10C4A47824}.Release|x64.ActiveCfg = Release|Any CPU
		{0C117D7A-B9F3-44DC-A475-5A10C4A47824}.Release|x64.Build.0 = Release|Any CPU
		{0C117D7A-B9F3-44DC-A475-5A10C4A47824}.Release|x86.ActiveCfg = Release|Any CPU
		{0C117D7A-B9F3-44DC-A475-5A10C4A47824}.Release|x86.Build.0 = Release|Any CPU
	EndGlobalSection
	GlobalSection(SolutionProperties) = preSolution
		HideSolutionNode = FALSE
	EndGlobalSection
	GlobalSection(ExtensibilityGlobals) = postSolution
		SolutionGuid = {31945E6F-DC83-4EFE-B79C-0C626A2A8AEB}
	EndGlobalSection
EndGlobal
